{
  "object": {
    "pins": [
      {
        "package": "Disk",
        "repositoryURL": "https://github.com/saoudrizwan/Disk",
        "state": {
          "branch": null,
          "revision": "b0cb4fdf23e51849cc2460bdc6de795c3bcca99d",
          "version": "0.6.4"
        }
      },
      {
        "package": "ImagePackage",
        "repositoryURL": "git@github.com:virusnik/ImagePackage.git",
        "state": {
          "branch": null,
          "revision": "885156fc91acfdfb3430b2c433aa92325877895e",
          "version": "1.0.0"
        }
      }
    ]
  },
  "version": 1
}
