// !$*UTF8*$!
{
	archiveVersion = 1;
	classes = {
	};
	objectVersion = 52;
	objects = {

/* Begin PBXBuildFile section */
		361D811D2492443C0064C21C /* ScannerViewModel.swift in Sources */ = {isa = PBXBuildFile; fileRef = 361D811C2492443C0064C21C /* ScannerViewModel.swift */; };
		361D811F249245E90064C21C /* ScannerView.swift in Sources */ = {isa = PBXBuildFile; fileRef = 361D811E249245E90064C21C /* ScannerView.swift */; };
		361D812124924A920064C21C /* QrCodeCameraDelegate.swift in Sources */ = {isa = PBXBuildFile; fileRef = 361D812024924A920064C21C /* QrCodeCameraDelegate.swift */; };
		361D812324924B960064C21C /* CameraPreview.swift in Sources */ = {isa = PBXBuildFile; fileRef = 361D812224924B960064C21C /* CameraPreview.swift */; };
		361D812524924D770064C21C /* QrCodeScannerView.swift in Sources */ = {isa = PBXBuildFile; fileRef = 361D812424924D770064C21C /* QrCodeScannerView.swift */; };
		362FE2F5241E136500D9F1F8 /* BeersViewModel.swift in Sources */ = {isa = PBXBuildFile; fileRef = 362FE2F4241E136500D9F1F8 /* BeersViewModel.swift */; };
		362FE2F7241E182100D9F1F8 /* ExtensionsRandomAccsess.swift in Sources */ = {isa = PBXBuildFile; fileRef = 362FE2F6241E182100D9F1F8 /* ExtensionsRandomAccsess.swift */; };
		362FE2F9241F73BE00D9F1F8 /* Beers.swift in Sources */ = {isa = PBXBuildFile; fileRef = 362FE2F8241F73BE00D9F1F8 /* Beers.swift */; };
		362FE306241FB4FB00D9F1F8 /* NetworkManager.swift in Sources */ = {isa = PBXBuildFile; fileRef = 362FE305241FB4FB00D9F1F8 /* NetworkManager.swift */; };
		362FE308241FB52800D9F1F8 /* EndPointType.swift in Sources */ = {isa = PBXBuildFile; fileRef = 362FE307241FB52800D9F1F8 /* EndPointType.swift */; };
		362FE30A241FB55E00D9F1F8 /* Router.swift in Sources */ = {isa = PBXBuildFile; fileRef = 362FE309241FB55E00D9F1F8 /* Router.swift */; };
		362FE30C241FB58500D9F1F8 /* HTTPMethod.swift in Sources */ = {isa = PBXBuildFile; fileRef = 362FE30B241FB58500D9F1F8 /* HTTPMethod.swift */; };
		362FE30E241FB59C00D9F1F8 /* HTTPTask.swift in Sources */ = {isa = PBXBuildFile; fileRef = 362FE30D241FB59C00D9F1F8 /* HTTPTask.swift */; };
		362FE310241FB5B800D9F1F8 /* ParametrEncoding.swift in Sources */ = {isa = PBXBuildFile; fileRef = 362FE30F241FB5B800D9F1F8 /* ParametrEncoding.swift */; };
		362FE312241FB5D300D9F1F8 /* URLParameterEncoder.swift in Sources */ = {isa = PBXBuildFile; fileRef = 362FE311241FB5D300D9F1F8 /* URLParameterEncoder.swift */; };
		362FE314241FB5F400D9F1F8 /* JSONParameterEncoder.swift in Sources */ = {isa = PBXBuildFile; fileRef = 362FE313241FB5F400D9F1F8 /* JSONParameterEncoder.swift */; };
		362FE316241FB62E00D9F1F8 /* BeersAPI.swift in Sources */ = {isa = PBXBuildFile; fileRef = 362FE315241FB62E00D9F1F8 /* BeersAPI.swift */; };
		362FE31A2420962E00D9F1F8 /* BeersRow.swift in Sources */ = {isa = PBXBuildFile; fileRef = 362FE3192420962E00D9F1F8 /* BeersRow.swift */; };
		362FE3212420A45900D9F1F8 /* BeerRandomView.swift in Sources */ = {isa = PBXBuildFile; fileRef = 362FE3202420A45900D9F1F8 /* BeerRandomView.swift */; };
		362FE3252420B7C000D9F1F8 /* NavControllerView.swift in Sources */ = {isa = PBXBuildFile; fileRef = 362FE3242420B7C000D9F1F8 /* NavControllerView.swift */; };
		362FE3272420B81F00D9F1F8 /* NavControllerViewModel.swift in Sources */ = {isa = PBXBuildFile; fileRef = 362FE3262420B81F00D9F1F8 /* NavControllerViewModel.swift */; };
		362FE3292420B89300D9F1F8 /* Screen.swift in Sources */ = {isa = PBXBuildFile; fileRef = 362FE3282420B89300D9F1F8 /* Screen.swift */; };
		362FE32B2420BBBB00D9F1F8 /* NavPushButton.swift in Sources */ = {isa = PBXBuildFile; fileRef = 362FE32A2420BBBB00D9F1F8 /* NavPushButton.swift */; };
		362FE32D2420BBDF00D9F1F8 /* NavPopButton.swift in Sources */ = {isa = PBXBuildFile; fileRef = 362FE32C2420BBDF00D9F1F8 /* NavPopButton.swift */; };
		362FE32F2420C49000D9F1F8 /* BeerDetailsView.swift in Sources */ = {isa = PBXBuildFile; fileRef = 362FE32E2420C49000D9F1F8 /* BeerDetailsView.swift */; };
		365706EC24FC03AC00C76A1B /* OrderDetailsView.swift in Sources */ = {isa = PBXBuildFile; fileRef = 365706EB24FC03AC00C76A1B /* OrderDetailsView.swift */; };
		365706EE24FC08DD00C76A1B /* ProductFromDetailsRow.swift in Sources */ = {isa = PBXBuildFile; fileRef = 365706ED24FC08DD00C76A1B /* ProductFromDetailsRow.swift */; };
		36666F8424476EC300EDF3F3 /* ServiceLocator.swift in Sources */ = {isa = PBXBuildFile; fileRef = 36666F8324476EC300EDF3F3 /* ServiceLocator.swift */; };
		366D724524C9D14900BB39A8 /* MockFoodList.swift in Sources */ = {isa = PBXBuildFile; fileRef = 366D724424C9D14900BB39A8 /* MockFoodList.swift */; };
		366D724624C9D24B00BB39A8 /* FoodListModel.swift in Sources */ = {isa = PBXBuildFile; fileRef = 36AF7CA32411073800FFF9B0 /* FoodListModel.swift */; };
		366D724824C9D50B00BB39A8 /* CategoryListModel.swift in Sources */ = {isa = PBXBuildFile; fileRef = 36AF7C99240FD5F700FFF9B0 /* CategoryListModel.swift */; };
		366D724A24C9DC8B00BB39A8 /* ServiceProtocol.swift in Sources */ = {isa = PBXBuildFile; fileRef = 366D724924C9DC8B00BB39A8 /* ServiceProtocol.swift */; };
		366D724D24CC5BEE00BB39A8 /* APIService.swift in Sources */ = {isa = PBXBuildFile; fileRef = 366D724C24CC5BEE00BB39A8 /* APIService.swift */; };
		366D724E24CC5BEE00BB39A8 /* APIService.swift in Sources */ = {isa = PBXBuildFile; fileRef = 366D724C24CC5BEE00BB39A8 /* APIService.swift */; };
		36737A01244C50EF00FBFDDC /* Disk in Frameworks */ = {isa = PBXBuildFile; productRef = 36737A00244C50EF00FBFDDC /* Disk */; };
		36737A04244C80A200FBFDDC /* Realm in Frameworks */ = {isa = PBXBuildFile; productRef = 36737A03244C80A200FBFDDC /* Realm */; };
		36737A06244C80A200FBFDDC /* RealmSwift in Frameworks */ = {isa = PBXBuildFile; productRef = 36737A05244C80A200FBFDDC /* RealmSwift */; };
		36737A09244CB05000FBFDDC /* RealmData.swift in Sources */ = {isa = PBXBuildFile; fileRef = 36737A08244CB05000FBFDDC /* RealmData.swift */; };
		36737A0B244CB19900FBFDDC /* RealmExtension.swift in Sources */ = {isa = PBXBuildFile; fileRef = 36737A0A244CB19900FBFDDC /* RealmExtension.swift */; };
		36781B6024F67F8D00276182 /* HistoryView.swift in Sources */ = {isa = PBXBuildFile; fileRef = 36781B5F24F67F8D00276182 /* HistoryView.swift */; };
		36781B6224F68CB100276182 /* HistoryRowView.swift in Sources */ = {isa = PBXBuildFile; fileRef = 36781B6124F68CB100276182 /* HistoryRowView.swift */; };
		36808BCF2430A53A00BBA82B /* BeerService.swift in Sources */ = {isa = PBXBuildFile; fileRef = 36808BCE2430A53A00BBA82B /* BeerService.swift */; };
		3687D2EF24D860EB00D41BEA /* ProductCardView.swift in Sources */ = {isa = PBXBuildFile; fileRef = 3687D2EE24D860EB00D41BEA /* ProductCardView.swift */; };
		3689A2F524DFE69B0059198D /* OrderInfoAdditionally.swift in Sources */ = {isa = PBXBuildFile; fileRef = 3689A2F424DFE69B0059198D /* OrderInfoAdditionally.swift */; };
		3689A2F724E028A10059198D /* OrderInfoAdditionallyModel.swift in Sources */ = {isa = PBXBuildFile; fileRef = 3689A2F624E028A10059198D /* OrderInfoAdditionallyModel.swift */; };
		369484662455BF6B008227C2 /* NetworkConnectionMonitor.swift in Sources */ = {isa = PBXBuildFile; fileRef = 369484652455BF6B008227C2 /* NetworkConnectionMonitor.swift */; };
		369FF46B24FD57FA0053BABD /* RoundedCorners.swift in Sources */ = {isa = PBXBuildFile; fileRef = 369FF46A24FD57FA0053BABD /* RoundedCorners.swift */; };
		369FF46D24FD58680053BABD /* GradientButtonStyle.swift in Sources */ = {isa = PBXBuildFile; fileRef = 369FF46C24FD58680053BABD /* GradientButtonStyle.swift */; };
		36ABB041241668E80022D7C6 /* Constants.swift in Sources */ = {isa = PBXBuildFile; fileRef = 36ABB040241668E80022D7C6 /* Constants.swift */; };
		36AF7C64240D3A5500FFF9B0 /* AppDelegate.swift in Sources */ = {isa = PBXBuildFile; fileRef = 36AF7C63240D3A5500FFF9B0 /* AppDelegate.swift */; };
		36AF7C66240D3A5500FFF9B0 /* SceneDelegate.swift in Sources */ = {isa = PBXBuildFile; fileRef = 36AF7C65240D3A5500FFF9B0 /* SceneDelegate.swift */; };
		36AF7C68240D3A5500FFF9B0 /* MainView.swift in Sources */ = {isa = PBXBuildFile; fileRef = 36AF7C67240D3A5500FFF9B0 /* MainView.swift */; };
		36AF7C6A240D3A5600FFF9B0 /* Assets.xcassets in Resources */ = {isa = PBXBuildFile; fileRef = 36AF7C69240D3A5600FFF9B0 /* Assets.xcassets */; };
		36AF7C6D240D3A5600FFF9B0 /* Preview Assets.xcassets in Resources */ = {isa = PBXBuildFile; fileRef = 36AF7C6C240D3A5600FFF9B0 /* Preview Assets.xcassets */; };
		36AF7C70240D3A5600FFF9B0 /* LaunchScreen.storyboard in Resources */ = {isa = PBXBuildFile; fileRef = 36AF7C6E240D3A5600FFF9B0 /* LaunchScreen.storyboard */; };
		36AF7C86240D3A5700FFF9B0 /* FoodLandUITests.swift in Sources */ = {isa = PBXBuildFile; fileRef = 36AF7C85240D3A5700FFF9B0 /* FoodLandUITests.swift */; };
		36AF7C94240D3F4700FFF9B0 /* MenuView.swift in Sources */ = {isa = PBXBuildFile; fileRef = 36AF7C93240D3F4700FFF9B0 /* MenuView.swift */; };
		36AF7C96240D415F00FFF9B0 /* AboutView.swift in Sources */ = {isa = PBXBuildFile; fileRef = 36AF7C95240D415F00FFF9B0 /* AboutView.swift */; };
		36AF7C98240D41E800FFF9B0 /* CategoryListViewModel.swift in Sources */ = {isa = PBXBuildFile; fileRef = 36AF7C97240D41E800FFF9B0 /* CategoryListViewModel.swift */; };
		36AF7C9A240FD5F700FFF9B0 /* CategoryListModel.swift in Sources */ = {isa = PBXBuildFile; fileRef = 36AF7C99240FD5F700FFF9B0 /* CategoryListModel.swift */; };
		36AF7C9C2410225700FFF9B0 /* DishListView.swift in Sources */ = {isa = PBXBuildFile; fileRef = 36AF7C9B2410225700FFF9B0 /* DishListView.swift */; };
		36AF7C9E2410253100FFF9B0 /* AboutViewModal.swift in Sources */ = {isa = PBXBuildFile; fileRef = 36AF7C9D2410253100FFF9B0 /* AboutViewModal.swift */; };
		36AF7CA02410CFF500FFF9B0 /* ChooseTableView.swift in Sources */ = {isa = PBXBuildFile; fileRef = 36AF7C9F2410CFF500FFF9B0 /* ChooseTableView.swift */; };
		36AF7CA42411073800FFF9B0 /* FoodListModel.swift in Sources */ = {isa = PBXBuildFile; fileRef = 36AF7CA32411073800FFF9B0 /* FoodListModel.swift */; };
		36AF7CA62411102D00FFF9B0 /* FoodListViewModel.swift in Sources */ = {isa = PBXBuildFile; fileRef = 36AF7CA52411102D00FFF9B0 /* FoodListViewModel.swift */; };
		36AF7CAA241170CB00FFF9B0 /* ActivityIndicator.swift in Sources */ = {isa = PBXBuildFile; fileRef = 36AF7CA9241170CB00FFF9B0 /* ActivityIndicator.swift */; };
		36CE3ADB245857CF00EA7D89 /* ImagePackage in Frameworks */ = {isa = PBXBuildFile; productRef = 36CE3ADA245857CF00EA7D89 /* ImagePackage */; };
		36CEF166245EEAEB0045951C /* ShoppingCart.swift in Sources */ = {isa = PBXBuildFile; fileRef = 36CEF165245EEAEB0045951C /* ShoppingCart.swift */; };
		36CEF168245F2DED0045951C /* MessageView.swift in Sources */ = {isa = PBXBuildFile; fileRef = 36CEF167245F2DED0045951C /* MessageView.swift */; };
		36DE16422443856000275D4E /* HeaderView.swift in Sources */ = {isa = PBXBuildFile; fileRef = 36DE16412443856000275D4E /* HeaderView.swift */; };
		36DE16442443870B00275D4E /* FoodRowView.swift in Sources */ = {isa = PBXBuildFile; fileRef = 36DE16432443870B00275D4E /* FoodRowView.swift */; };
		36E2D645241D3523003D54C0 /* PunkView.swift in Sources */ = {isa = PBXBuildFile; fileRef = 36E2D644241D3523003D54C0 /* PunkView.swift */; };
		36E2D647241D35AA003D54C0 /* BeerListView.swift in Sources */ = {isa = PBXBuildFile; fileRef = 36E2D646241D35AA003D54C0 /* BeerListView.swift */; };
		36E352AC24A8BC05000B056A /* LocalStoragePreferences.swift in Sources */ = {isa = PBXBuildFile; fileRef = 36E352AB24A8BC05000B056A /* LocalStoragePreferences.swift */; };
		36E352B024A8C2DB000B056A /* SharedPreferences.swift in Sources */ = {isa = PBXBuildFile; fileRef = 36E352AF24A8C2DB000B056A /* SharedPreferences.swift */; };
		36E352B224A8FFAE000B056A /* AboutViewModel.swift in Sources */ = {isa = PBXBuildFile; fileRef = 36E352B124A8FFAE000B056A /* AboutViewModel.swift */; };
		36E98965246DA12C00FF4008 /* Localizable.strings in Resources */ = {isa = PBXBuildFile; fileRef = 36E98967246DA12C00FF4008 /* Localizable.strings */; };
		36F97D9A24C48AF400EBEB91 /* CategoryListViewModelTests.swift in Sources */ = {isa = PBXBuildFile; fileRef = 36F97D9924C48AF400EBEB91 /* CategoryListViewModelTests.swift */; };
		36F97D9D24C48F9A00EBEB91 /* MockService.swift in Sources */ = {isa = PBXBuildFile; fileRef = 36F97D9C24C48F9A00EBEB91 /* MockService.swift */; };
		36F97DA024C491E300EBEB91 /* Beers.swift in Sources */ = {isa = PBXBuildFile; fileRef = 362FE2F8241F73BE00D9F1F8 /* Beers.swift */; };
		7F5896FD241932560019F22C /* TwoColumnView.swift in Sources */ = {isa = PBXBuildFile; fileRef = 7F5896FC241932560019F22C /* TwoColumnView.swift */; };
/* End PBXBuildFile section */

/* Begin PBXContainerItemProxy section */
		36AF7C77240D3A5700FFF9B0 /* PBXContainerItemProxy */ = {
			isa = PBXContainerItemProxy;
			containerPortal = 36AF7C58240D3A5500FFF9B0 /* Project object */;
			proxyType = 1;
			remoteGlobalIDString = 36AF7C5F240D3A5500FFF9B0;
			remoteInfo = FoodLand;
		};
		36AF7C82240D3A5700FFF9B0 /* PBXContainerItemProxy */ = {
			isa = PBXContainerItemProxy;
			containerPortal = 36AF7C58240D3A5500FFF9B0 /* Project object */;
			proxyType = 1;
			remoteGlobalIDString = 36AF7C5F240D3A5500FFF9B0;
			remoteInfo = FoodLand;
		};
/* End PBXContainerItemProxy section */

/* Begin PBXFileReference section */
		361D811C2492443C0064C21C /* ScannerViewModel.swift */ = {isa = PBXFileReference; lastKnownFileType = sourcecode.swift; path = ScannerViewModel.swift; sourceTree = "<group>"; };
		361D811E249245E90064C21C /* ScannerView.swift */ = {isa = PBXFileReference; lastKnownFileType = sourcecode.swift; path = ScannerView.swift; sourceTree = "<group>"; };
		361D812024924A920064C21C /* QrCodeCameraDelegate.swift */ = {isa = PBXFileReference; lastKnownFileType = sourcecode.swift; path = QrCodeCameraDelegate.swift; sourceTree = "<group>"; };
		361D812224924B960064C21C /* CameraPreview.swift */ = {isa = PBXFileReference; lastKnownFileType = sourcecode.swift; path = CameraPreview.swift; sourceTree = "<group>"; };
		361D812424924D770064C21C /* QrCodeScannerView.swift */ = {isa = PBXFileReference; lastKnownFileType = sourcecode.swift; path = QrCodeScannerView.swift; sourceTree = "<group>"; };
		362FE2F4241E136500D9F1F8 /* BeersViewModel.swift */ = {isa = PBXFileReference; lastKnownFileType = sourcecode.swift; path = BeersViewModel.swift; sourceTree = "<group>"; };
		362FE2F6241E182100D9F1F8 /* ExtensionsRandomAccsess.swift */ = {isa = PBXFileReference; lastKnownFileType = sourcecode.swift; path = ExtensionsRandomAccsess.swift; sourceTree = "<group>"; };
		362FE2F8241F73BE00D9F1F8 /* Beers.swift */ = {isa = PBXFileReference; lastKnownFileType = sourcecode.swift; path = Beers.swift; sourceTree = "<group>"; };
		362FE305241FB4FB00D9F1F8 /* NetworkManager.swift */ = {isa = PBXFileReference; lastKnownFileType = sourcecode.swift; path = NetworkManager.swift; sourceTree = "<group>"; };
		362FE307241FB52800D9F1F8 /* EndPointType.swift */ = {isa = PBXFileReference; lastKnownFileType = sourcecode.swift; path = EndPointType.swift; sourceTree = "<group>"; };
		362FE309241FB55E00D9F1F8 /* Router.swift */ = {isa = PBXFileReference; lastKnownFileType = sourcecode.swift; path = Router.swift; sourceTree = "<group>"; };
		362FE30B241FB58500D9F1F8 /* HTTPMethod.swift */ = {isa = PBXFileReference; lastKnownFileType = sourcecode.swift; path = HTTPMethod.swift; sourceTree = "<group>"; };
		362FE30D241FB59C00D9F1F8 /* HTTPTask.swift */ = {isa = PBXFileReference; lastKnownFileType = sourcecode.swift; path = HTTPTask.swift; sourceTree = "<group>"; };
		362FE30F241FB5B800D9F1F8 /* ParametrEncoding.swift */ = {isa = PBXFileReference; lastKnownFileType = sourcecode.swift; path = ParametrEncoding.swift; sourceTree = "<group>"; };
		362FE311241FB5D300D9F1F8 /* URLParameterEncoder.swift */ = {isa = PBXFileReference; lastKnownFileType = sourcecode.swift; path = URLParameterEncoder.swift; sourceTree = "<group>"; };
		362FE313241FB5F400D9F1F8 /* JSONParameterEncoder.swift */ = {isa = PBXFileReference; lastKnownFileType = sourcecode.swift; path = JSONParameterEncoder.swift; sourceTree = "<group>"; };
		362FE315241FB62E00D9F1F8 /* BeersAPI.swift */ = {isa = PBXFileReference; lastKnownFileType = sourcecode.swift; path = BeersAPI.swift; sourceTree = "<group>"; };
		362FE3192420962E00D9F1F8 /* BeersRow.swift */ = {isa = PBXFileReference; lastKnownFileType = sourcecode.swift; path = BeersRow.swift; sourceTree = "<group>"; };
		362FE3202420A45900D9F1F8 /* BeerRandomView.swift */ = {isa = PBXFileReference; lastKnownFileType = sourcecode.swift; path = BeerRandomView.swift; sourceTree = "<group>"; };
		362FE3242420B7C000D9F1F8 /* NavControllerView.swift */ = {isa = PBXFileReference; lastKnownFileType = sourcecode.swift; path = NavControllerView.swift; sourceTree = "<group>"; };
		362FE3262420B81F00D9F1F8 /* NavControllerViewModel.swift */ = {isa = PBXFileReference; lastKnownFileType = sourcecode.swift; path = NavControllerViewModel.swift; sourceTree = "<group>"; };
		362FE3282420B89300D9F1F8 /* Screen.swift */ = {isa = PBXFileReference; lastKnownFileType = sourcecode.swift; path = Screen.swift; sourceTree = "<group>"; };
		362FE32A2420BBBB00D9F1F8 /* NavPushButton.swift */ = {isa = PBXFileReference; lastKnownFileType = sourcecode.swift; path = NavPushButton.swift; sourceTree = "<group>"; };
		362FE32C2420BBDF00D9F1F8 /* NavPopButton.swift */ = {isa = PBXFileReference; lastKnownFileType = sourcecode.swift; path = NavPopButton.swift; sourceTree = "<group>"; };
		362FE32E2420C49000D9F1F8 /* BeerDetailsView.swift */ = {isa = PBXFileReference; lastKnownFileType = sourcecode.swift; path = BeerDetailsView.swift; sourceTree = "<group>"; };
		365706EB24FC03AC00C76A1B /* OrderDetailsView.swift */ = {isa = PBXFileReference; lastKnownFileType = sourcecode.swift; path = OrderDetailsView.swift; sourceTree = "<group>"; };
		365706ED24FC08DD00C76A1B /* ProductFromDetailsRow.swift */ = {isa = PBXFileReference; lastKnownFileType = sourcecode.swift; path = ProductFromDetailsRow.swift; sourceTree = "<group>"; };
		36666F8324476EC300EDF3F3 /* ServiceLocator.swift */ = {isa = PBXFileReference; lastKnownFileType = sourcecode.swift; path = ServiceLocator.swift; sourceTree = "<group>"; };
		366D724424C9D14900BB39A8 /* MockFoodList.swift */ = {isa = PBXFileReference; lastKnownFileType = sourcecode.swift; path = MockFoodList.swift; sourceTree = "<group>"; };
		366D724924C9DC8B00BB39A8 /* ServiceProtocol.swift */ = {isa = PBXFileReference; lastKnownFileType = sourcecode.swift; path = ServiceProtocol.swift; sourceTree = "<group>"; };
		366D724C24CC5BEE00BB39A8 /* APIService.swift */ = {isa = PBXFileReference; lastKnownFileType = sourcecode.swift; path = APIService.swift; sourceTree = "<group>"; };
		36737A08244CB05000FBFDDC /* RealmData.swift */ = {isa = PBXFileReference; lastKnownFileType = sourcecode.swift; path = RealmData.swift; sourceTree = "<group>"; };
		36737A0A244CB19900FBFDDC /* RealmExtension.swift */ = {isa = PBXFileReference; lastKnownFileType = sourcecode.swift; path = RealmExtension.swift; sourceTree = "<group>"; };
		36781B5F24F67F8D00276182 /* HistoryView.swift */ = {isa = PBXFileReference; lastKnownFileType = sourcecode.swift; path = HistoryView.swift; sourceTree = "<group>"; };
		36781B6124F68CB100276182 /* HistoryRowView.swift */ = {isa = PBXFileReference; lastKnownFileType = sourcecode.swift; path = HistoryRowView.swift; sourceTree = "<group>"; };
		36808BCE2430A53A00BBA82B /* BeerService.swift */ = {isa = PBXFileReference; lastKnownFileType = sourcecode.swift; path = BeerService.swift; sourceTree = "<group>"; };
		3687D2EE24D860EB00D41BEA /* ProductCardView.swift */ = {isa = PBXFileReference; lastKnownFileType = sourcecode.swift; path = ProductCardView.swift; sourceTree = "<group>"; };
		3689A2F424DFE69B0059198D /* OrderInfoAdditionally.swift */ = {isa = PBXFileReference; lastKnownFileType = sourcecode.swift; path = OrderInfoAdditionally.swift; sourceTree = "<group>"; };
		3689A2F624E028A10059198D /* OrderInfoAdditionallyModel.swift */ = {isa = PBXFileReference; lastKnownFileType = sourcecode.swift; path = OrderInfoAdditionallyModel.swift; sourceTree = "<group>"; };
		369484652455BF6B008227C2 /* NetworkConnectionMonitor.swift */ = {isa = PBXFileReference; lastKnownFileType = sourcecode.swift; path = NetworkConnectionMonitor.swift; sourceTree = "<group>"; };
		369FF46A24FD57FA0053BABD /* RoundedCorners.swift */ = {isa = PBXFileReference; lastKnownFileType = sourcecode.swift; path = RoundedCorners.swift; sourceTree = "<group>"; };
		369FF46C24FD58680053BABD /* GradientButtonStyle.swift */ = {isa = PBXFileReference; lastKnownFileType = sourcecode.swift; path = GradientButtonStyle.swift; sourceTree = "<group>"; };
		36ABB040241668E80022D7C6 /* Constants.swift */ = {isa = PBXFileReference; lastKnownFileType = sourcecode.swift; path = Constants.swift; sourceTree = "<group>"; };
		36AF7C60240D3A5500FFF9B0 /* Pesonal Waiter.app */ = {isa = PBXFileReference; explicitFileType = wrapper.application; includeInIndex = 0; path = "Pesonal Waiter.app"; sourceTree = BUILT_PRODUCTS_DIR; };
		36AF7C63240D3A5500FFF9B0 /* AppDelegate.swift */ = {isa = PBXFileReference; lastKnownFileType = sourcecode.swift; path = AppDelegate.swift; sourceTree = "<group>"; };
		36AF7C65240D3A5500FFF9B0 /* SceneDelegate.swift */ = {isa = PBXFileReference; lastKnownFileType = sourcecode.swift; path = SceneDelegate.swift; sourceTree = "<group>"; };
		36AF7C67240D3A5500FFF9B0 /* MainView.swift */ = {isa = PBXFileReference; lastKnownFileType = sourcecode.swift; path = MainView.swift; sourceTree = "<group>"; };
		36AF7C69240D3A5600FFF9B0 /* Assets.xcassets */ = {isa = PBXFileReference; lastKnownFileType = folder.assetcatalog; path = Assets.xcassets; sourceTree = "<group>"; };
		36AF7C6C240D3A5600FFF9B0 /* Preview Assets.xcassets */ = {isa = PBXFileReference; lastKnownFileType = folder.assetcatalog; path = "Preview Assets.xcassets"; sourceTree = "<group>"; };
		36AF7C6F240D3A5600FFF9B0 /* Base */ = {isa = PBXFileReference; lastKnownFileType = file.storyboard; name = Base; path = Base.lproj/LaunchScreen.storyboard; sourceTree = "<group>"; };
		36AF7C71240D3A5600FFF9B0 /* Info.plist */ = {isa = PBXFileReference; lastKnownFileType = text.plist.xml; path = Info.plist; sourceTree = "<group>"; };
		36AF7C76240D3A5700FFF9B0 /* FoodLandTests.xctest */ = {isa = PBXFileReference; explicitFileType = wrapper.cfbundle; includeInIndex = 0; path = FoodLandTests.xctest; sourceTree = BUILT_PRODUCTS_DIR; };
		36AF7C7C240D3A5700FFF9B0 /* Info.plist */ = {isa = PBXFileReference; lastKnownFileType = text.plist.xml; path = Info.plist; sourceTree = "<group>"; };
		36AF7C81240D3A5700FFF9B0 /* FoodLandUITests.xctest */ = {isa = PBXFileReference; explicitFileType = wrapper.cfbundle; includeInIndex = 0; path = FoodLandUITests.xctest; sourceTree = BUILT_PRODUCTS_DIR; };
		36AF7C85240D3A5700FFF9B0 /* FoodLandUITests.swift */ = {isa = PBXFileReference; lastKnownFileType = sourcecode.swift; path = FoodLandUITests.swift; sourceTree = "<group>"; };
		36AF7C87240D3A5700FFF9B0 /* Info.plist */ = {isa = PBXFileReference; lastKnownFileType = text.plist.xml; path = Info.plist; sourceTree = "<group>"; };
		36AF7C93240D3F4700FFF9B0 /* MenuView.swift */ = {isa = PBXFileReference; lastKnownFileType = sourcecode.swift; path = MenuView.swift; sourceTree = "<group>"; };
		36AF7C95240D415F00FFF9B0 /* AboutView.swift */ = {isa = PBXFileReference; lastKnownFileType = sourcecode.swift; path = AboutView.swift; sourceTree = "<group>"; };
		36AF7C97240D41E800FFF9B0 /* CategoryListViewModel.swift */ = {isa = PBXFileReference; lastKnownFileType = sourcecode.swift; path = CategoryListViewModel.swift; sourceTree = "<group>"; };
		36AF7C99240FD5F700FFF9B0 /* CategoryListModel.swift */ = {isa = PBXFileReference; lastKnownFileType = sourcecode.swift; path = CategoryListModel.swift; sourceTree = "<group>"; };
		36AF7C9B2410225700FFF9B0 /* DishListView.swift */ = {isa = PBXFileReference; lastKnownFileType = sourcecode.swift; path = DishListView.swift; sourceTree = "<group>"; };
		36AF7C9D2410253100FFF9B0 /* AboutViewModal.swift */ = {isa = PBXFileReference; lastKnownFileType = sourcecode.swift; path = AboutViewModal.swift; sourceTree = "<group>"; };
		36AF7C9F2410CFF500FFF9B0 /* ChooseTableView.swift */ = {isa = PBXFileReference; lastKnownFileType = sourcecode.swift; path = ChooseTableView.swift; sourceTree = "<group>"; };
		36AF7CA32411073800FFF9B0 /* FoodListModel.swift */ = {isa = PBXFileReference; lastKnownFileType = sourcecode.swift; path = FoodListModel.swift; sourceTree = "<group>"; };
		36AF7CA52411102D00FFF9B0 /* FoodListViewModel.swift */ = {isa = PBXFileReference; lastKnownFileType = sourcecode.swift; path = FoodListViewModel.swift; sourceTree = "<group>"; };
		36AF7CA9241170CB00FFF9B0 /* ActivityIndicator.swift */ = {isa = PBXFileReference; lastKnownFileType = sourcecode.swift; path = ActivityIndicator.swift; sourceTree = "<group>"; };
		36CEF165245EEAEB0045951C /* ShoppingCart.swift */ = {isa = PBXFileReference; lastKnownFileType = sourcecode.swift; path = ShoppingCart.swift; sourceTree = "<group>"; };
		36CEF167245F2DED0045951C /* MessageView.swift */ = {isa = PBXFileReference; lastKnownFileType = sourcecode.swift; path = MessageView.swift; sourceTree = "<group>"; };
		36DE16412443856000275D4E /* HeaderView.swift */ = {isa = PBXFileReference; lastKnownFileType = sourcecode.swift; path = HeaderView.swift; sourceTree = "<group>"; };
		36DE16432443870B00275D4E /* FoodRowView.swift */ = {isa = PBXFileReference; lastKnownFileType = sourcecode.swift; path = FoodRowView.swift; sourceTree = "<group>"; };
		36E2D644241D3523003D54C0 /* PunkView.swift */ = {isa = PBXFileReference; lastKnownFileType = sourcecode.swift; path = PunkView.swift; sourceTree = "<group>"; };
		36E2D646241D35AA003D54C0 /* BeerListView.swift */ = {isa = PBXFileReference; lastKnownFileType = sourcecode.swift; path = BeerListView.swift; sourceTree = "<group>"; };
		36E352AB24A8BC05000B056A /* LocalStoragePreferences.swift */ = {isa = PBXFileReference; lastKnownFileType = sourcecode.swift; path = LocalStoragePreferences.swift; sourceTree = "<group>"; };
		36E352AF24A8C2DB000B056A /* SharedPreferences.swift */ = {isa = PBXFileReference; lastKnownFileType = sourcecode.swift; path = SharedPreferences.swift; sourceTree = "<group>"; };
		36E352B124A8FFAE000B056A /* AboutViewModel.swift */ = {isa = PBXFileReference; lastKnownFileType = sourcecode.swift; path = AboutViewModel.swift; sourceTree = "<group>"; };
		36E98966246DA12C00FF4008 /* en */ = {isa = PBXFileReference; lastKnownFileType = text.plist.strings; name = en; path = en.lproj/Localizable.strings; sourceTree = "<group>"; };
		36E9896A246DA1CC00FF4008 /* ru */ = {isa = PBXFileReference; lastKnownFileType = text.plist.strings; name = ru; path = ru.lproj/Localizable.strings; sourceTree = "<group>"; };
		36F97D9924C48AF400EBEB91 /* CategoryListViewModelTests.swift */ = {isa = PBXFileReference; lastKnownFileType = sourcecode.swift; path = CategoryListViewModelTests.swift; sourceTree = "<group>"; };
		36F97D9C24C48F9A00EBEB91 /* MockService.swift */ = {isa = PBXFileReference; lastKnownFileType = sourcecode.swift; path = MockService.swift; sourceTree = "<group>"; };
		7F5896FC241932560019F22C /* TwoColumnView.swift */ = {isa = PBXFileReference; fileEncoding = 4; lastKnownFileType = sourcecode.swift; path = TwoColumnView.swift; sourceTree = "<group>"; };
/* End PBXFileReference section */

/* Begin PBXFrameworksBuildPhase section */
		36AF7C5D240D3A5500FFF9B0 /* Frameworks */ = {
			isa = PBXFrameworksBuildPhase;
			buildActionMask = 2147483647;
			files = (
				36737A06244C80A200FBFDDC /* RealmSwift in Frameworks */,
				36737A04244C80A200FBFDDC /* Realm in Frameworks */,
				36737A01244C50EF00FBFDDC /* Disk in Frameworks */,
				36CE3ADB245857CF00EA7D89 /* ImagePackage in Frameworks */,
			);
			runOnlyForDeploymentPostprocessing = 0;
		};
		36AF7C73240D3A5700FFF9B0 /* Frameworks */ = {
			isa = PBXFrameworksBuildPhase;
			buildActionMask = 2147483647;
			files = (
			);
			runOnlyForDeploymentPostprocessing = 0;
		};
		36AF7C7E240D3A5700FFF9B0 /* Frameworks */ = {
			isa = PBXFrameworksBuildPhase;
			buildActionMask = 2147483647;
			files = (
			);
			runOnlyForDeploymentPostprocessing = 0;
		};
/* End PBXFrameworksBuildPhase section */

/* Begin PBXGroup section */
		361D8117249243C80064C21C /* QrScanner */ = {
			isa = PBXGroup;
			children = (
				361D811B249244080064C21C /* Services */,
				361D811A249243FE0064C21C /* ViewModels */,
				361D8119249243F70064C21C /* Models */,
				361D8118249243DE0064C21C /* Views */,
			);
			path = QrScanner;
			sourceTree = "<group>";
		};
		361D8118249243DE0064C21C /* Views */ = {
			isa = PBXGroup;
			children = (
				361D811E249245E90064C21C /* ScannerView.swift */,
				361D812224924B960064C21C /* CameraPreview.swift */,
				361D812424924D770064C21C /* QrCodeScannerView.swift */,
				36AF7C9F2410CFF500FFF9B0 /* ChooseTableView.swift */,
			);
			path = Views;
			sourceTree = "<group>";
		};
		361D8119249243F70064C21C /* Models */ = {
			isa = PBXGroup;
			children = (
			);
			path = Models;
			sourceTree = "<group>";
		};
		361D811A249243FE0064C21C /* ViewModels */ = {
			isa = PBXGroup;
			children = (
				361D811C2492443C0064C21C /* ScannerViewModel.swift */,
			);
			path = ViewModels;
			sourceTree = "<group>";
		};
		361D811B249244080064C21C /* Services */ = {
			isa = PBXGroup;
			children = (
				361D812024924A920064C21C /* QrCodeCameraDelegate.swift */,
			);
			path = Services;
			sourceTree = "<group>";
		};
		362FE31B24209B9900D9F1F8 /* Networking */ = {
			isa = PBXGroup;
			children = (
				362FE31C24209BD500D9F1F8 /* API */,
				362FE31E24209D2B00D9F1F8 /* Manager */,
				362FE31D24209CAB00D9F1F8 /* Service */,
				362FE31F24209D4D00D9F1F8 /* Encoding */,
				369484652455BF6B008227C2 /* NetworkConnectionMonitor.swift */,
			);
			path = Networking;
			sourceTree = "<group>";
		};
		362FE31C24209BD500D9F1F8 /* API */ = {
			isa = PBXGroup;
			children = (
				362FE315241FB62E00D9F1F8 /* BeersAPI.swift */,
				366D724C24CC5BEE00BB39A8 /* APIService.swift */,
			);
			path = API;
			sourceTree = "<group>";
		};
		362FE31D24209CAB00D9F1F8 /* Service */ = {
			isa = PBXGroup;
			children = (
				362FE307241FB52800D9F1F8 /* EndPointType.swift */,
				362FE309241FB55E00D9F1F8 /* Router.swift */,
				362FE30B241FB58500D9F1F8 /* HTTPMethod.swift */,
				362FE30D241FB59C00D9F1F8 /* HTTPTask.swift */,
			);
			path = Service;
			sourceTree = "<group>";
		};
		362FE31E24209D2B00D9F1F8 /* Manager */ = {
			isa = PBXGroup;
			children = (
				362FE305241FB4FB00D9F1F8 /* NetworkManager.swift */,
			);
			path = Manager;
			sourceTree = "<group>";
		};
		362FE31F24209D4D00D9F1F8 /* Encoding */ = {
			isa = PBXGroup;
			children = (
				362FE30F241FB5B800D9F1F8 /* ParametrEncoding.swift */,
				362FE311241FB5D300D9F1F8 /* URLParameterEncoder.swift */,
				362FE313241FB5F400D9F1F8 /* JSONParameterEncoder.swift */,
			);
			path = Encoding;
			sourceTree = "<group>";
		};
		362FE3302420C72D00D9F1F8 /* CustomNavView */ = {
			isa = PBXGroup;
			children = (
				362FE3242420B7C000D9F1F8 /* NavControllerView.swift */,
				362FE32A2420BBBB00D9F1F8 /* NavPushButton.swift */,
				362FE32C2420BBDF00D9F1F8 /* NavPopButton.swift */,
			);
			path = CustomNavView;
			sourceTree = "<group>";
		};
		362FE3312420D18500D9F1F8 /* BeersPaginationView */ = {
			isa = PBXGroup;
			children = (
				36E2D644241D3523003D54C0 /* PunkView.swift */,
				36E2D646241D35AA003D54C0 /* BeerListView.swift */,
				362FE3192420962E00D9F1F8 /* BeersRow.swift */,
				362FE3202420A45900D9F1F8 /* BeerRandomView.swift */,
				362FE32E2420C49000D9F1F8 /* BeerDetailsView.swift */,
			);
			path = BeersPaginationView;
			sourceTree = "<group>";
		};
		36666F8224476EAD00EDF3F3 /* di */ = {
			isa = PBXGroup;
			children = (
				36666F8324476EC300EDF3F3 /* ServiceLocator.swift */,
			);
			path = di;
			sourceTree = "<group>";
		};
		36737A07244CB03800FBFDDC /* RealmData */ = {
			isa = PBXGroup;
			children = (
				36737A08244CB05000FBFDDC /* RealmData.swift */,
				36737A0A244CB19900FBFDDC /* RealmExtension.swift */,
			);
			path = RealmData;
			sourceTree = "<group>";
		};
		36808BCD2430A52200BBA82B /* Service */ = {
			isa = PBXGroup;
			children = (
				36808BCE2430A53A00BBA82B /* BeerService.swift */,
			);
			path = Service;
			sourceTree = "<group>";
		};
		369FF45824FC1A7B0053BABD /* Main */ = {
			isa = PBXGroup;
			children = (
				369FF45B24FD44E00053BABD /* Models */,
				369FF45A24FD44CA0053BABD /* ViewModels */,
				369FF45924FD44B70053BABD /* Views */,
			);
			path = Main;
			sourceTree = "<group>";
		};
		369FF45924FD44B70053BABD /* Views */ = {
			isa = PBXGroup;
			children = (
				36AF7C67240D3A5500FFF9B0 /* MainView.swift */,
			);
			path = Views;
			sourceTree = "<group>";
		};
		369FF45A24FD44CA0053BABD /* ViewModels */ = {
			isa = PBXGroup;
			children = (
			);
			path = ViewModels;
			sourceTree = "<group>";
		};
		369FF45B24FD44E00053BABD /* Models */ = {
			isa = PBXGroup;
			children = (
			);
			path = Models;
			sourceTree = "<group>";
		};
		369FF45C24FD45710053BABD /* Menu */ = {
			isa = PBXGroup;
			children = (
				369FF46024FD45F40053BABD /* Services */,
				369FF45F24FD458B0053BABD /* Models */,
				369FF45E24FD45830053BABD /* ViewModels */,
				369FF45D24FD457B0053BABD /* Views */,
			);
			path = Menu;
			sourceTree = "<group>";
		};
		369FF45D24FD457B0053BABD /* Views */ = {
			isa = PBXGroup;
			children = (
				36AF7C93240D3F4700FFF9B0 /* MenuView.swift */,
				36DE16412443856000275D4E /* HeaderView.swift */,
				36DE16432443870B00275D4E /* FoodRowView.swift */,
			);
			path = Views;
			sourceTree = "<group>";
		};
		369FF45E24FD45830053BABD /* ViewModels */ = {
			isa = PBXGroup;
			children = (
				36AF7C97240D41E800FFF9B0 /* CategoryListViewModel.swift */,
			);
			path = ViewModels;
			sourceTree = "<group>";
		};
		369FF45F24FD458B0053BABD /* Models */ = {
			isa = PBXGroup;
			children = (
				36AF7C99240FD5F700FFF9B0 /* CategoryListModel.swift */,
				36AF7CA32411073800FFF9B0 /* FoodListModel.swift */,
			);
			path = Models;
			sourceTree = "<group>";
		};
		369FF46024FD45F40053BABD /* Services */ = {
			isa = PBXGroup;
			children = (
				366D724924C9DC8B00BB39A8 /* ServiceProtocol.swift */,
			);
			path = Services;
			sourceTree = "<group>";
		};
		369FF46124FD46CC0053BABD /* Shopping Cart */ = {
			isa = PBXGroup;
			children = (
				369FF46724FD4A280053BABD /* Models */,
				369FF46324FD46F80053BABD /* ViewModels */,
				369FF46224FD46F20053BABD /* Views */,
			);
			path = "Shopping Cart";
			sourceTree = "<group>";
		};
		369FF46224FD46F20053BABD /* Views */ = {
			isa = PBXGroup;
			children = (
				3687D2EE24D860EB00D41BEA /* ProductCardView.swift */,
				36CEF165245EEAEB0045951C /* ShoppingCart.swift */,
				3689A2F424DFE69B0059198D /* OrderInfoAdditionally.swift */,
				36CEF167245F2DED0045951C /* MessageView.swift */,
				369FF46A24FD57FA0053BABD /* RoundedCorners.swift */,
				369FF46C24FD58680053BABD /* GradientButtonStyle.swift */,
			);
			path = Views;
			sourceTree = "<group>";
		};
		369FF46324FD46F80053BABD /* ViewModels */ = {
			isa = PBXGroup;
			children = (
			);
			path = ViewModels;
			sourceTree = "<group>";
		};
		369FF46424FD495F0053BABD /* History */ = {
			isa = PBXGroup;
			children = (
				369FF46624FD49860053BABD /* ViewModels */,
				369FF46524FD497C0053BABD /* Views */,
			);
			path = History;
			sourceTree = "<group>";
		};
		369FF46524FD497C0053BABD /* Views */ = {
			isa = PBXGroup;
			children = (
				36781B5F24F67F8D00276182 /* HistoryView.swift */,
				36781B6124F68CB100276182 /* HistoryRowView.swift */,
				365706EB24FC03AC00C76A1B /* OrderDetailsView.swift */,
				365706ED24FC08DD00C76A1B /* ProductFromDetailsRow.swift */,
			);
			path = Views;
			sourceTree = "<group>";
		};
		369FF46624FD49860053BABD /* ViewModels */ = {
			isa = PBXGroup;
			children = (
			);
			path = ViewModels;
			sourceTree = "<group>";
		};
		369FF46724FD4A280053BABD /* Models */ = {
			isa = PBXGroup;
			children = (
				3689A2F624E028A10059198D /* OrderInfoAdditionallyModel.swift */,
			);
			path = Models;
			sourceTree = "<group>";
		};
		369FF46824FD55810053BABD /* BeersAppForTask(Old) */ = {
			isa = PBXGroup;
			children = (
				36808BCD2430A52200BBA82B /* Service */,
				36ABB03F24164FA10022D7C6 /* View */,
				36AF7CA12410FE8800FFF9B0 /* Model */,
				36AF7CA22410FF5E00FFF9B0 /* ViewModel */,
			);
			path = "BeersAppForTask(Old)";
			sourceTree = "<group>";
		};
		369FF46924FD57540053BABD /* Extensions */ = {
			isa = PBXGroup;
			children = (
				362FE2F6241E182100D9F1F8 /* ExtensionsRandomAccsess.swift */,
			);
			path = Extensions;
			sourceTree = "<group>";
		};
		36ABB03F24164FA10022D7C6 /* View */ = {
			isa = PBXGroup;
			children = (
				362FE3312420D18500D9F1F8 /* BeersPaginationView */,
				362FE3302420C72D00D9F1F8 /* CustomNavView */,
				36AF7C9B2410225700FFF9B0 /* DishListView.swift */,
				36AF7C95240D415F00FFF9B0 /* AboutView.swift */,
				36AF7C9D2410253100FFF9B0 /* AboutViewModal.swift */,
				7F5896FC241932560019F22C /* TwoColumnView.swift */,
			);
			path = View;
			sourceTree = "<group>";
		};
		36ABB04224166BE50022D7C6 /* Application */ = {
			isa = PBXGroup;
			children = (
				369FF46924FD57540053BABD /* Extensions */,
				36666F8224476EAD00EDF3F3 /* di */,
				36AF7C63240D3A5500FFF9B0 /* AppDelegate.swift */,
				36AF7C65240D3A5500FFF9B0 /* SceneDelegate.swift */,
				36ABB040241668E80022D7C6 /* Constants.swift */,
			);
			path = Application;
			sourceTree = "<group>";
		};
		36ABB043241670410022D7C6 /* ElementsUIKit */ = {
			isa = PBXGroup;
			children = (
				36AF7CA9241170CB00FFF9B0 /* ActivityIndicator.swift */,
			);
			path = ElementsUIKit;
			sourceTree = "<group>";
		};
		36AF7C57240D3A5500FFF9B0 = {
			isa = PBXGroup;
			children = (
				36AF7C62240D3A5500FFF9B0 /* FoodLand */,
				36AF7C79240D3A5700FFF9B0 /* FoodLandTests */,
				36AF7C84240D3A5700FFF9B0 /* FoodLandUITests */,
				36AF7C61240D3A5500FFF9B0 /* Products */,
				36C92366243B95BA001EDF84 /* Frameworks */,
			);
			sourceTree = "<group>";
		};
		36AF7C61240D3A5500FFF9B0 /* Products */ = {
			isa = PBXGroup;
			children = (
				36AF7C60240D3A5500FFF9B0 /* Pesonal Waiter.app */,
				36AF7C76240D3A5700FFF9B0 /* FoodLandTests.xctest */,
				36AF7C81240D3A5700FFF9B0 /* FoodLandUITests.xctest */,
			);
			name = Products;
			sourceTree = "<group>";
		};
		36AF7C62240D3A5500FFF9B0 /* FoodLand */ = {
			isa = PBXGroup;
			children = (
				369FF45824FC1A7B0053BABD /* Main */,
				36E352AA24A8BB39000B056A /* Services */,
				361D8117249243C80064C21C /* QrScanner */,
				369FF45C24FD45710053BABD /* Menu */,
				369FF46124FD46CC0053BABD /* Shopping Cart */,
				369FF46424FD495F0053BABD /* History */,
				36E98967246DA12C00FF4008 /* Localizable.strings */,
				36737A07244CB03800FBFDDC /* RealmData */,
				36ABB04224166BE50022D7C6 /* Application */,
				362FE31B24209B9900D9F1F8 /* Networking */,
				36ABB043241670410022D7C6 /* ElementsUIKit */,
				369FF46824FD55810053BABD /* BeersAppForTask(Old) */,
				36AF7C69240D3A5600FFF9B0 /* Assets.xcassets */,
				36AF7C6E240D3A5600FFF9B0 /* LaunchScreen.storyboard */,
				36AF7C71240D3A5600FFF9B0 /* Info.plist */,
				36AF7C6B240D3A5600FFF9B0 /* Preview Content */,
			);
			path = FoodLand;
			sourceTree = "<group>";
		};
		36AF7C6B240D3A5600FFF9B0 /* Preview Content */ = {
			isa = PBXGroup;
			children = (
				36AF7C6C240D3A5600FFF9B0 /* Preview Assets.xcassets */,
			);
			path = "Preview Content";
			sourceTree = "<group>";
		};
		36AF7C79240D3A5700FFF9B0 /* FoodLandTests */ = {
			isa = PBXGroup;
			children = (
				36F97D9B24C48EFF00EBEB91 /* ViewModel */,
				36AF7C7C240D3A5700FFF9B0 /* Info.plist */,
				366D724424C9D14900BB39A8 /* MockFoodList.swift */,
			);
			path = FoodLandTests;
			sourceTree = "<group>";
		};
		36AF7C84240D3A5700FFF9B0 /* FoodLandUITests */ = {
			isa = PBXGroup;
			children = (
				36AF7C85240D3A5700FFF9B0 /* FoodLandUITests.swift */,
				36AF7C87240D3A5700FFF9B0 /* Info.plist */,
			);
			path = FoodLandUITests;
			sourceTree = "<group>";
		};
		36AF7CA12410FE8800FFF9B0 /* Model */ = {
			isa = PBXGroup;
			children = (
				362FE2F8241F73BE00D9F1F8 /* Beers.swift */,
				362FE3282420B89300D9F1F8 /* Screen.swift */,
			);
			path = Model;
			sourceTree = "<group>";
		};
		36AF7CA22410FF5E00FFF9B0 /* ViewModel */ = {
			isa = PBXGroup;
			children = (
				36AF7CA52411102D00FFF9B0 /* FoodListViewModel.swift */,
				362FE2F4241E136500D9F1F8 /* BeersViewModel.swift */,
				362FE3262420B81F00D9F1F8 /* NavControllerViewModel.swift */,
				36E352B124A8FFAE000B056A /* AboutViewModel.swift */,
			);
			path = ViewModel;
			sourceTree = "<group>";
		};
		36C92366243B95BA001EDF84 /* Frameworks */ = {
			isa = PBXGroup;
			children = (
			);
			name = Frameworks;
			sourceTree = "<group>";
		};
		36E352AA24A8BB39000B056A /* Services */ = {
			isa = PBXGroup;
			children = (
				36E352AB24A8BC05000B056A /* LocalStoragePreferences.swift */,
				36E352AF24A8C2DB000B056A /* SharedPreferences.swift */,
			);
			path = Services;
			sourceTree = "<group>";
		};
		36F97D9B24C48EFF00EBEB91 /* ViewModel */ = {
			isa = PBXGroup;
			children = (
				36F97D9924C48AF400EBEB91 /* CategoryListViewModelTests.swift */,
				36F97D9C24C48F9A00EBEB91 /* MockService.swift */,
			);
			path = ViewModel;
			sourceTree = "<group>";
		};
/* End PBXGroup section */

/* Begin PBXNativeTarget section */
		36AF7C5F240D3A5500FFF9B0 /* FoodLand */ = {
			isa = PBXNativeTarget;
			buildConfigurationList = 36AF7C8A240D3A5700FFF9B0 /* Build configuration list for PBXNativeTarget "FoodLand" */;
			buildPhases = (
				36AF7C5C240D3A5500FFF9B0 /* Sources */,
				36AF7C5D240D3A5500FFF9B0 /* Frameworks */,
				36AF7C5E240D3A5500FFF9B0 /* Resources */,
			);
			buildRules = (
			);
			dependencies = (
			);
			name = FoodLand;
			packageProductDependencies = (
				36737A00244C50EF00FBFDDC /* Disk */,
				36737A03244C80A200FBFDDC /* Realm */,
				36737A05244C80A200FBFDDC /* RealmSwift */,
				36CE3ADA245857CF00EA7D89 /* ImagePackage */,
			);
			productName = FoodLand;
			productReference = 36AF7C60240D3A5500FFF9B0 /* Pesonal Waiter.app */;
			productType = "com.apple.product-type.application";
		};
		36AF7C75240D3A5700FFF9B0 /* FoodLandTests */ = {
			isa = PBXNativeTarget;
			buildConfigurationList = 36AF7C8D240D3A5700FFF9B0 /* Build configuration list for PBXNativeTarget "FoodLandTests" */;
			buildPhases = (
				36AF7C72240D3A5700FFF9B0 /* Sources */,
				36AF7C73240D3A5700FFF9B0 /* Frameworks */,
				36AF7C74240D3A5700FFF9B0 /* Resources */,
			);
			buildRules = (
			);
			dependencies = (
				36AF7C78240D3A5700FFF9B0 /* PBXTargetDependency */,
			);
			name = FoodLandTests;
			productName = FoodLandTests;
			productReference = 36AF7C76240D3A5700FFF9B0 /* FoodLandTests.xctest */;
			productType = "com.apple.product-type.bundle.unit-test";
		};
		36AF7C80240D3A5700FFF9B0 /* FoodLandUITests */ = {
			isa = PBXNativeTarget;
			buildConfigurationList = 36AF7C90240D3A5700FFF9B0 /* Build configuration list for PBXNativeTarget "FoodLandUITests" */;
			buildPhases = (
				36AF7C7D240D3A5700FFF9B0 /* Sources */,
				36AF7C7E240D3A5700FFF9B0 /* Frameworks */,
				36AF7C7F240D3A5700FFF9B0 /* Resources */,
			);
			buildRules = (
			);
			dependencies = (
				36AF7C83240D3A5700FFF9B0 /* PBXTargetDependency */,
			);
			name = FoodLandUITests;
			productName = FoodLandUITests;
			productReference = 36AF7C81240D3A5700FFF9B0 /* FoodLandUITests.xctest */;
			productType = "com.apple.product-type.bundle.ui-testing";
		};
/* End PBXNativeTarget section */

/* Begin PBXProject section */
		36AF7C58240D3A5500FFF9B0 /* Project object */ = {
			isa = PBXProject;
			attributes = {
				LastSwiftUpdateCheck = 1130;
				LastUpgradeCheck = 1130;
				ORGANIZATIONNAME = "Sergio Veliz";
				TargetAttributes = {
					36AF7C5F240D3A5500FFF9B0 = {
						CreatedOnToolsVersion = 11.3.1;
					};
					36AF7C75240D3A5700FFF9B0 = {
						CreatedOnToolsVersion = 11.3.1;
						TestTargetID = 36AF7C5F240D3A5500FFF9B0;
					};
					36AF7C80240D3A5700FFF9B0 = {
						CreatedOnToolsVersion = 11.3.1;
						TestTargetID = 36AF7C5F240D3A5500FFF9B0;
					};
				};
			};
			buildConfigurationList = 36AF7C5B240D3A5500FFF9B0 /* Build configuration list for PBXProject "FoodLand" */;
			compatibilityVersion = "Xcode 9.3";
			developmentRegion = en;
			hasScannedForEncodings = 0;
			knownRegions = (
				en,
				Base,
				ru,
			);
			mainGroup = 36AF7C57240D3A5500FFF9B0;
			packageReferences = (
				367379FF244C50EF00FBFDDC /* XCRemoteSwiftPackageReference "Disk" */,
				36737A02244C80A200FBFDDC /* XCRemoteSwiftPackageReference "realm-cocoa" */,
				36CE3AD9245857CF00EA7D89 /* XCRemoteSwiftPackageReference "ImagePackage" */,
			);
			productRefGroup = 36AF7C61240D3A5500FFF9B0 /* Products */;
			projectDirPath = "";
			projectRoot = "";
			targets = (
				36AF7C5F240D3A5500FFF9B0 /* FoodLand */,
				36AF7C75240D3A5700FFF9B0 /* FoodLandTests */,
				36AF7C80240D3A5700FFF9B0 /* FoodLandUITests */,
			);
		};
/* End PBXProject section */

/* Begin PBXResourcesBuildPhase section */
		36AF7C5E240D3A5500FFF9B0 /* Resources */ = {
			isa = PBXResourcesBuildPhase;
			buildActionMask = 2147483647;
			files = (
				36AF7C70240D3A5600FFF9B0 /* LaunchScreen.storyboard in Resources */,
				36E98965246DA12C00FF4008 /* Localizable.strings in Resources */,
				36AF7C6D240D3A5600FFF9B0 /* Preview Assets.xcassets in Resources */,
				36AF7C6A240D3A5600FFF9B0 /* Assets.xcassets in Resources */,
			);
			runOnlyForDeploymentPostprocessing = 0;
		};
		36AF7C74240D3A5700FFF9B0 /* Resources */ = {
			isa = PBXResourcesBuildPhase;
			buildActionMask = 2147483647;
			files = (
			);
			runOnlyForDeploymentPostprocessing = 0;
		};
		36AF7C7F240D3A5700FFF9B0 /* Resources */ = {
			isa = PBXResourcesBuildPhase;
			buildActionMask = 2147483647;
			files = (
			);
			runOnlyForDeploymentPostprocessing = 0;
		};
/* End PBXResourcesBuildPhase section */

/* Begin PBXSourcesBuildPhase section */
		36AF7C5C240D3A5500FFF9B0 /* Sources */ = {
			isa = PBXSourcesBuildPhase;
			buildActionMask = 2147483647;
			files = (
				3689A2F524DFE69B0059198D /* OrderInfoAdditionally.swift in Sources */,
				36AF7CA02410CFF500FFF9B0 /* ChooseTableView.swift in Sources */,
				366D724D24CC5BEE00BB39A8 /* APIService.swift in Sources */,
				36CEF166245EEAEB0045951C /* ShoppingCart.swift in Sources */,
				36AF7C64240D3A5500FFF9B0 /* AppDelegate.swift in Sources */,
				36E2D645241D3523003D54C0 /* PunkView.swift in Sources */,
				36AF7CA62411102D00FFF9B0 /* FoodListViewModel.swift in Sources */,
				362FE2F7241E182100D9F1F8 /* ExtensionsRandomAccsess.swift in Sources */,
				362FE31A2420962E00D9F1F8 /* BeersRow.swift in Sources */,
				36AF7CA42411073800FFF9B0 /* FoodListModel.swift in Sources */,
				361D812524924D770064C21C /* QrCodeScannerView.swift in Sources */,
				36AF7CAA241170CB00FFF9B0 /* ActivityIndicator.swift in Sources */,
				369484662455BF6B008227C2 /* NetworkConnectionMonitor.swift in Sources */,
				36E352B224A8FFAE000B056A /* AboutViewModel.swift in Sources */,
				362FE312241FB5D300D9F1F8 /* URLParameterEncoder.swift in Sources */,
				362FE308241FB52800D9F1F8 /* EndPointType.swift in Sources */,
				362FE3212420A45900D9F1F8 /* BeerRandomView.swift in Sources */,
				362FE32F2420C49000D9F1F8 /* BeerDetailsView.swift in Sources */,
				36ABB041241668E80022D7C6 /* Constants.swift in Sources */,
				362FE30A241FB55E00D9F1F8 /* Router.swift in Sources */,
				366D724A24C9DC8B00BB39A8 /* ServiceProtocol.swift in Sources */,
				362FE32D2420BBDF00D9F1F8 /* NavPopButton.swift in Sources */,
				3687D2EF24D860EB00D41BEA /* ProductCardView.swift in Sources */,
				36AF7C9E2410253100FFF9B0 /* AboutViewModal.swift in Sources */,
				362FE32B2420BBBB00D9F1F8 /* NavPushButton.swift in Sources */,
				362FE3272420B81F00D9F1F8 /* NavControllerViewModel.swift in Sources */,
				362FE306241FB4FB00D9F1F8 /* NetworkManager.swift in Sources */,
				362FE310241FB5B800D9F1F8 /* ParametrEncoding.swift in Sources */,
				369FF46B24FD57FA0053BABD /* RoundedCorners.swift in Sources */,
				361D812124924A920064C21C /* QrCodeCameraDelegate.swift in Sources */,
				36AF7C9A240FD5F700FFF9B0 /* CategoryListModel.swift in Sources */,
				369FF46D24FD58680053BABD /* GradientButtonStyle.swift in Sources */,
				36CEF168245F2DED0045951C /* MessageView.swift in Sources */,
				362FE30E241FB59C00D9F1F8 /* HTTPTask.swift in Sources */,
				36E2D647241D35AA003D54C0 /* BeerListView.swift in Sources */,
				362FE316241FB62E00D9F1F8 /* BeersAPI.swift in Sources */,
				362FE3252420B7C000D9F1F8 /* NavControllerView.swift in Sources */,
				36737A09244CB05000FBFDDC /* RealmData.swift in Sources */,
				36DE16422443856000275D4E /* HeaderView.swift in Sources */,
				36781B6024F67F8D00276182 /* HistoryView.swift in Sources */,
				362FE3292420B89300D9F1F8 /* Screen.swift in Sources */,
				365706EE24FC08DD00C76A1B /* ProductFromDetailsRow.swift in Sources */,
				362FE2F5241E136500D9F1F8 /* BeersViewModel.swift in Sources */,
				365706EC24FC03AC00C76A1B /* OrderDetailsView.swift in Sources */,
				361D811F249245E90064C21C /* ScannerView.swift in Sources */,
				36AF7C66240D3A5500FFF9B0 /* SceneDelegate.swift in Sources */,
				36AF7C98240D41E800FFF9B0 /* CategoryListViewModel.swift in Sources */,
				7F5896FD241932560019F22C /* TwoColumnView.swift in Sources */,
				36781B6224F68CB100276182 /* HistoryRowView.swift in Sources */,
				36808BCF2430A53A00BBA82B /* BeerService.swift in Sources */,
				36737A0B244CB19900FBFDDC /* RealmExtension.swift in Sources */,
				36E352B024A8C2DB000B056A /* SharedPreferences.swift in Sources */,
				362FE2F9241F73BE00D9F1F8 /* Beers.swift in Sources */,
				36666F8424476EC300EDF3F3 /* ServiceLocator.swift in Sources */,
				361D811D2492443C0064C21C /* ScannerViewModel.swift in Sources */,
				36AF7C9C2410225700FFF9B0 /* DishListView.swift in Sources */,
				3689A2F724E028A10059198D /* OrderInfoAdditionallyModel.swift in Sources */,
				36DE16442443870B00275D4E /* FoodRowView.swift in Sources */,
				361D812324924B960064C21C /* CameraPreview.swift in Sources */,
				36E352AC24A8BC05000B056A /* LocalStoragePreferences.swift in Sources */,
				362FE30C241FB58500D9F1F8 /* HTTPMethod.swift in Sources */,
				362FE314241FB5F400D9F1F8 /* JSONParameterEncoder.swift in Sources */,
				36AF7C94240D3F4700FFF9B0 /* MenuView.swift in Sources */,
				36AF7C68240D3A5500FFF9B0 /* MainView.swift in Sources */,
				36AF7C96240D415F00FFF9B0 /* AboutView.swift in Sources */,
			);
			runOnlyForDeploymentPostprocessing = 0;
		};
		36AF7C72240D3A5700FFF9B0 /* Sources */ = {
			isa = PBXSourcesBuildPhase;
			buildActionMask = 2147483647;
			files = (
				366D724524C9D14900BB39A8 /* MockFoodList.swift in Sources */,
				366D724624C9D24B00BB39A8 /* FoodListModel.swift in Sources */,
				36F97DA024C491E300EBEB91 /* Beers.swift in Sources */,
				366D724824C9D50B00BB39A8 /* CategoryListModel.swift in Sources */,
				366D724E24CC5BEE00BB39A8 /* APIService.swift in Sources */,
				36F97D9A24C48AF400EBEB91 /* CategoryListViewModelTests.swift in Sources */,
				36F97D9D24C48F9A00EBEB91 /* MockService.swift in Sources */,
			);
			runOnlyForDeploymentPostprocessing = 0;
		};
		36AF7C7D240D3A5700FFF9B0 /* Sources */ = {
			isa = PBXSourcesBuildPhase;
			buildActionMask = 2147483647;
			files = (
				36AF7C86240D3A5700FFF9B0 /* FoodLandUITests.swift in Sources */,
			);
			runOnlyForDeploymentPostprocessing = 0;
		};
/* End PBXSourcesBuildPhase section */

/* Begin PBXTargetDependency section */
		36AF7C78240D3A5700FFF9B0 /* PBXTargetDependency */ = {
			isa = PBXTargetDependency;
			target = 36AF7C5F240D3A5500FFF9B0 /* FoodLand */;
			targetProxy = 36AF7C77240D3A5700FFF9B0 /* PBXContainerItemProxy */;
		};
		36AF7C83240D3A5700FFF9B0 /* PBXTargetDependency */ = {
			isa = PBXTargetDependency;
			target = 36AF7C5F240D3A5500FFF9B0 /* FoodLand */;
			targetProxy = 36AF7C82240D3A5700FFF9B0 /* PBXContainerItemProxy */;
		};
/* End PBXTargetDependency section */

/* Begin PBXVariantGroup section */
		36AF7C6E240D3A5600FFF9B0 /* LaunchScreen.storyboard */ = {
			isa = PBXVariantGroup;
			children = (
				36AF7C6F240D3A5600FFF9B0 /* Base */,
			);
			name = LaunchScreen.storyboard;
			sourceTree = "<group>";
		};
		36E98967246DA12C00FF4008 /* Localizable.strings */ = {
			isa = PBXVariantGroup;
			children = (
				36E98966246DA12C00FF4008 /* en */,
				36E9896A246DA1CC00FF4008 /* ru */,
			);
			name = Localizable.strings;
			sourceTree = SOURCE_ROOT;
		};
/* End PBXVariantGroup section */

/* Begin XCBuildConfiguration section */
		36AF7C88240D3A5700FFF9B0 /* Debug */ = {
			isa = XCBuildConfiguration;
			buildSettings = {
				ALWAYS_SEARCH_USER_PATHS = NO;
				CLANG_ANALYZER_LOCALIZABILITY_NONLOCALIZED = YES;
				CLANG_ANALYZER_NONNULL = YES;
				CLANG_ANALYZER_NUMBER_OBJECT_CONVERSION = YES_AGGRESSIVE;
				CLANG_CXX_LANGUAGE_STANDARD = "gnu++14";
				CLANG_CXX_LIBRARY = "libc++";
				CLANG_ENABLE_MODULES = YES;
				CLANG_ENABLE_OBJC_ARC = YES;
				CLANG_ENABLE_OBJC_WEAK = YES;
				CLANG_WARN_BLOCK_CAPTURE_AUTORELEASING = YES;
				CLANG_WARN_BOOL_CONVERSION = YES;
				CLANG_WARN_COMMA = YES;
				CLANG_WARN_CONSTANT_CONVERSION = YES;
				CLANG_WARN_DEPRECATED_OBJC_IMPLEMENTATIONS = YES;
				CLANG_WARN_DIRECT_OBJC_ISA_USAGE = YES_ERROR;
				CLANG_WARN_DOCUMENTATION_COMMENTS = YES;
				CLANG_WARN_EMPTY_BODY = YES;
				CLANG_WARN_ENUM_CONVERSION = YES;
				CLANG_WARN_INFINITE_RECURSION = YES;
				CLANG_WARN_INT_CONVERSION = YES;
				CLANG_WARN_NON_LITERAL_NULL_CONVERSION = YES;
				CLANG_WARN_OBJC_IMPLICIT_RETAIN_SELF = YES;
				CLANG_WARN_OBJC_LITERAL_CONVERSION = YES;
				CLANG_WARN_OBJC_ROOT_CLASS = YES_ERROR;
				CLANG_WARN_RANGE_LOOP_ANALYSIS = YES;
				CLANG_WARN_STRICT_PROTOTYPES = YES;
				CLANG_WARN_SUSPICIOUS_MOVE = YES;
				CLANG_WARN_UNGUARDED_AVAILABILITY = YES_AGGRESSIVE;
				CLANG_WARN_UNREACHABLE_CODE = YES;
				CLANG_WARN__DUPLICATE_METHOD_MATCH = YES;
				COPY_PHASE_STRIP = NO;
				DEBUG_INFORMATION_FORMAT = dwarf;
				ENABLE_STRICT_OBJC_MSGSEND = YES;
				ENABLE_TESTABILITY = YES;
				GCC_C_LANGUAGE_STANDARD = gnu11;
				GCC_DYNAMIC_NO_PIC = NO;
				GCC_NO_COMMON_BLOCKS = YES;
				GCC_OPTIMIZATION_LEVEL = 0;
				GCC_PREPROCESSOR_DEFINITIONS = (
					"DEBUG=1",
					"$(inherited)",
				);
				GCC_WARN_64_TO_32_BIT_CONVERSION = YES;
				GCC_WARN_ABOUT_RETURN_TYPE = YES_ERROR;
				GCC_WARN_UNDECLARED_SELECTOR = YES;
				GCC_WARN_UNINITIALIZED_AUTOS = YES_AGGRESSIVE;
				GCC_WARN_UNUSED_FUNCTION = YES;
				GCC_WARN_UNUSED_VARIABLE = YES;
				IPHONEOS_DEPLOYMENT_TARGET = 13.0;
				MTL_ENABLE_DEBUG_INFO = INCLUDE_SOURCE;
				MTL_FAST_MATH = YES;
				ONLY_ACTIVE_ARCH = YES;
				SDKROOT = iphoneos;
				SWIFT_ACTIVE_COMPILATION_CONDITIONS = DEBUG;
				SWIFT_OPTIMIZATION_LEVEL = "-Onone";
			};
			name = Debug;
		};
		36AF7C89240D3A5700FFF9B0 /* Release */ = {
			isa = XCBuildConfiguration;
			buildSettings = {
				ALWAYS_SEARCH_USER_PATHS = NO;
				CLANG_ANALYZER_LOCALIZABILITY_NONLOCALIZED = YES;
				CLANG_ANALYZER_NONNULL = YES;
				CLANG_ANALYZER_NUMBER_OBJECT_CONVERSION = YES_AGGRESSIVE;
				CLANG_CXX_LANGUAGE_STANDARD = "gnu++14";
				CLANG_CXX_LIBRARY = "libc++";
				CLANG_ENABLE_MODULES = YES;
				CLANG_ENABLE_OBJC_ARC = YES;
				CLANG_ENABLE_OBJC_WEAK = YES;
				CLANG_WARN_BLOCK_CAPTURE_AUTORELEASING = YES;
				CLANG_WARN_BOOL_CONVERSION = YES;
				CLANG_WARN_COMMA = YES;
				CLANG_WARN_CONSTANT_CONVERSION = YES;
				CLANG_WARN_DEPRECATED_OBJC_IMPLEMENTATIONS = YES;
				CLANG_WARN_DIRECT_OBJC_ISA_USAGE = YES_ERROR;
				CLANG_WARN_DOCUMENTATION_COMMENTS = YES;
				CLANG_WARN_EMPTY_BODY = YES;
				CLANG_WARN_ENUM_CONVERSION = YES;
				CLANG_WARN_INFINITE_RECURSION = YES;
				CLANG_WARN_INT_CONVERSION = YES;
				CLANG_WARN_NON_LITERAL_NULL_CONVERSION = YES;
				CLANG_WARN_OBJC_IMPLICIT_RETAIN_SELF = YES;
				CLANG_WARN_OBJC_LITERAL_CONVERSION = YES;
				CLANG_WARN_OBJC_ROOT_CLASS = YES_ERROR;
				CLANG_WARN_RANGE_LOOP_ANALYSIS = YES;
				CLANG_WARN_STRICT_PROTOTYPES = YES;
				CLANG_WARN_SUSPICIOUS_MOVE = YES;
				CLANG_WARN_UNGUARDED_AVAILABILITY = YES_AGGRESSIVE;
				CLANG_WARN_UNREACHABLE_CODE = YES;
				CLANG_WARN__DUPLICATE_METHOD_MATCH = YES;
				COPY_PHASE_STRIP = NO;
				DEBUG_INFORMATION_FORMAT = "dwarf-with-dsym";
				ENABLE_NS_ASSERTIONS = NO;
				ENABLE_STRICT_OBJC_MSGSEND = YES;
				GCC_C_LANGUAGE_STANDARD = gnu11;
				GCC_NO_COMMON_BLOCKS = YES;
				GCC_WARN_64_TO_32_BIT_CONVERSION = YES;
				GCC_WARN_ABOUT_RETURN_TYPE = YES_ERROR;
				GCC_WARN_UNDECLARED_SELECTOR = YES;
				GCC_WARN_UNINITIALIZED_AUTOS = YES_AGGRESSIVE;
				GCC_WARN_UNUSED_FUNCTION = YES;
				GCC_WARN_UNUSED_VARIABLE = YES;
				IPHONEOS_DEPLOYMENT_TARGET = 13.0;
				MTL_ENABLE_DEBUG_INFO = NO;
				MTL_FAST_MATH = YES;
				SDKROOT = iphoneos;
				SWIFT_COMPILATION_MODE = wholemodule;
				SWIFT_OPTIMIZATION_LEVEL = "-O";
				VALIDATE_PRODUCT = YES;
			};
			name = Release;
		};
		36AF7C8B240D3A5700FFF9B0 /* Debug */ = {
			isa = XCBuildConfiguration;
			buildSettings = {
				ASSETCATALOG_COMPILER_APPICON_NAME = AppIcon;
				CODE_SIGN_STYLE = Automatic;
				DEVELOPMENT_ASSET_PATHS = "\"FoodLand/Preview Content\"";
				DEVELOPMENT_TEAM = Z529WFT4HC;
				ENABLE_PREVIEWS = YES;
				INFOPLIST_FILE = FoodLand/Info.plist;
				LD_RUNPATH_SEARCH_PATHS = (
					"$(inherited)",
					"@executable_path/Frameworks",
				);
				PRODUCT_BUNDLE_IDENTIFIER = com.test.FoodLand;
				PRODUCT_NAME = "Pesonal Waiter";
				SWIFT_VERSION = 5.0;
				TARGETED_DEVICE_FAMILY = "1,2";
			};
			name = Debug;
		};
		36AF7C8C240D3A5700FFF9B0 /* Release */ = {
			isa = XCBuildConfiguration;
			buildSettings = {
				ASSETCATALOG_COMPILER_APPICON_NAME = AppIcon;
				CODE_SIGN_STYLE = Automatic;
				DEVELOPMENT_ASSET_PATHS = "\"FoodLand/Preview Content\"";
				DEVELOPMENT_TEAM = Z529WFT4HC;
				ENABLE_PREVIEWS = YES;
				INFOPLIST_FILE = FoodLand/Info.plist;
				LD_RUNPATH_SEARCH_PATHS = (
					"$(inherited)",
					"@executable_path/Frameworks",
				);
				PRODUCT_BUNDLE_IDENTIFIER = com.test.FoodLand;
				PRODUCT_NAME = "Pesonal Waiter";
				SWIFT_VERSION = 5.0;
				TARGETED_DEVICE_FAMILY = "1,2";
			};
			name = Release;
		};
		36AF7C8E240D3A5700FFF9B0 /* Debug */ = {
			isa = XCBuildConfiguration;
			buildSettings = {
				ALWAYS_EMBED_SWIFT_STANDARD_LIBRARIES = YES;
				BUNDLE_LOADER = "$(TEST_HOST)";
				CODE_SIGN_STYLE = Automatic;
				DEVELOPMENT_TEAM = Z529WFT4HC;
				INFOPLIST_FILE = FoodLandTests/Info.plist;
				IPHONEOS_DEPLOYMENT_TARGET = 13.2;
				LD_RUNPATH_SEARCH_PATHS = (
					"$(inherited)",
					"@executable_path/Frameworks",
					"@loader_path/Frameworks",
				);
				PRODUCT_BUNDLE_IDENTIFIER = com.test.FoodLandTests;
				PRODUCT_NAME = "$(TARGET_NAME)";
				SWIFT_VERSION = 5.0;
				TARGETED_DEVICE_FAMILY = "1,2";
				TEST_HOST = "$(BUILT_PRODUCTS_DIR)/FoodLand.app/FoodLand";
			};
			name = Debug;
		};
		36AF7C8F240D3A5700FFF9B0 /* Release */ = {
			isa = XCBuildConfiguration;
			buildSettings = {
				ALWAYS_EMBED_SWIFT_STANDARD_LIBRARIES = YES;
				BUNDLE_LOADER = "$(TEST_HOST)";
				CODE_SIGN_STYLE = Automatic;
				DEVELOPMENT_TEAM = Z529WFT4HC;
				INFOPLIST_FILE = FoodLandTests/Info.plist;
				IPHONEOS_DEPLOYMENT_TARGET = 13.2;
				LD_RUNPATH_SEARCH_PATHS = (
					"$(inherited)",
					"@executable_path/Frameworks",
					"@loader_path/Frameworks",
				);
				PRODUCT_BUNDLE_IDENTIFIER = com.test.FoodLandTests;
				PRODUCT_NAME = "$(TARGET_NAME)";
				SWIFT_VERSION = 5.0;
				TARGETED_DEVICE_FAMILY = "1,2";
				TEST_HOST = "$(BUILT_PRODUCTS_DIR)/FoodLand.app/FoodLand";
			};
			name = Release;
		};
		36AF7C91240D3A5700FFF9B0 /* Debug */ = {
			isa = XCBuildConfiguration;
			buildSettings = {
				ALWAYS_EMBED_SWIFT_STANDARD_LIBRARIES = YES;
				CODE_SIGN_STYLE = Automatic;
				DEVELOPMENT_TEAM = Z529WFT4HC;
				INFOPLIST_FILE = FoodLandUITests/Info.plist;
				LD_RUNPATH_SEARCH_PATHS = (
					"$(inherited)",
					"@executable_path/Frameworks",
					"@loader_path/Frameworks",
				);
				PRODUCT_BUNDLE_IDENTIFIER = com.test.FoodLandUITests;
				PRODUCT_NAME = "$(TARGET_NAME)";
				SWIFT_VERSION = 5.0;
				TARGETED_DEVICE_FAMILY = "1,2";
				TEST_TARGET_NAME = FoodLand;
			};
			name = Debug;
		};
		36AF7C92240D3A5700FFF9B0 /* Release */ = {
			isa = XCBuildConfiguration;
			buildSettings = {
				ALWAYS_EMBED_SWIFT_STANDARD_LIBRARIES = YES;
				CODE_SIGN_STYLE = Automatic;
				DEVELOPMENT_TEAM = Z529WFT4HC;
				INFOPLIST_FILE = FoodLandUITests/Info.plist;
				LD_RUNPATH_SEARCH_PATHS = (
					"$(inherited)",
					"@executable_path/Frameworks",
					"@loader_path/Frameworks",
				);
				PRODUCT_BUNDLE_IDENTIFIER = com.test.FoodLandUITests;
				PRODUCT_NAME = "$(TARGET_NAME)";
				SWIFT_VERSION = 5.0;
				TARGETED_DEVICE_FAMILY = "1,2";
				TEST_TARGET_NAME = FoodLand;
			};
			name = Release;
		};
/* End XCBuildConfiguration section */

/* Begin XCConfigurationList section */
		36AF7C5B240D3A5500FFF9B0 /* Build configuration list for PBXProject "FoodLand" */ = {
			isa = XCConfigurationList;
			buildConfigurations = (
				36AF7C88240D3A5700FFF9B0 /* Debug */,
				36AF7C89240D3A5700FFF9B0 /* Release */,
			);
			defaultConfigurationIsVisible = 0;
			defaultConfigurationName = Release;
		};
		36AF7C8A240D3A5700FFF9B0 /* Build configuration list for PBXNativeTarget "FoodLand" */ = {
			isa = XCConfigurationList;
			buildConfigurations = (
				36AF7C8B240D3A5700FFF9B0 /* Debug */,
				36AF7C8C240D3A5700FFF9B0 /* Release */,
			);
			defaultConfigurationIsVisible = 0;
			defaultConfigurationName = Release;
		};
		36AF7C8D240D3A5700FFF9B0 /* Build configuration list for PBXNativeTarget "FoodLandTests" */ = {
			isa = XCConfigurationList;
			buildConfigurations = (
				36AF7C8E240D3A5700FFF9B0 /* Debug */,
				36AF7C8F240D3A5700FFF9B0 /* Release */,
			);
			defaultConfigurationIsVisible = 0;
			defaultConfigurationName = Release;
		};
		36AF7C90240D3A5700FFF9B0 /* Build configuration list for PBXNativeTarget "FoodLandUITests" */ = {
			isa = XCConfigurationList;
			buildConfigurations = (
				36AF7C91240D3A5700FFF9B0 /* Debug */,
				36AF7C92240D3A5700FFF9B0 /* Release */,
			);
			defaultConfigurationIsVisible = 0;
			defaultConfigurationName = Release;
		};
/* End XCConfigurationList section */

/* Begin XCRemoteSwiftPackageReference section */
		367379FF244C50EF00FBFDDC /* XCRemoteSwiftPackageReference "Disk" */ = {
			isa = XCRemoteSwiftPackageReference;
			repositoryURL = "https://github.com/saoudrizwan/Disk";
			requirement = {
				kind = upToNextMajorVersion;
				minimumVersion = 0.6.4;
			};
		};
		36737A02244C80A200FBFDDC /* XCRemoteSwiftPackageReference "realm-cocoa" */ = {
			isa = XCRemoteSwiftPackageReference;
			repositoryURL = "https://github.com/realm/realm-cocoa";
			requirement = {
				kind = upToNextMajorVersion;
				minimumVersion = 4.4.1;
			};
		};
		36CE3AD9245857CF00EA7D89 /* XCRemoteSwiftPackageReference "ImagePackage" */ = {
			isa = XCRemoteSwiftPackageReference;
			repositoryURL = "https://github.com/virusnik/ImagePackage";
			requirement = {
				kind = upToNextMajorVersion;
				minimumVersion = 1.0.0;
			};
		};
/* End XCRemoteSwiftPackageReference section */

/* Begin XCSwiftPackageProductDependency section */
		36737A00244C50EF00FBFDDC /* Disk */ = {
			isa = XCSwiftPackageProductDependency;
			package = 367379FF244C50EF00FBFDDC /* XCRemoteSwiftPackageReference "Disk" */;
			productName = Disk;
		};
		36737A03244C80A200FBFDDC /* Realm */ = {
			isa = XCSwiftPackageProductDependency;
			package = 36737A02244C80A200FBFDDC /* XCRemoteSwiftPackageReference "realm-cocoa" */;
			productName = Realm;
		};
		36737A05244C80A200FBFDDC /* RealmSwift */ = {
			isa = XCSwiftPackageProductDependency;
			package = 36737A02244C80A200FBFDDC /* XCRemoteSwiftPackageReference "realm-cocoa" */;
			productName = RealmSwift;
		};
		36CE3ADA245857CF00EA7D89 /* ImagePackage */ = {
			isa = XCSwiftPackageProductDependency;
			package = 36CE3AD9245857CF00EA7D89 /* XCRemoteSwiftPackageReference "ImagePackage" */;
			productName = ImagePackage;
		};
/* End XCSwiftPackageProductDependency section */
	};
	rootObject = 36AF7C58240D3A5500FFF9B0 /* Project object */;
}
